// !$*UTF8*$!
{
	archiveVersion = 1;
	classes = {
	};
	objectVersion = 50;
	objects = {

/* Begin PBXBuildFile section */
		8293B4FE893BE251F86724E9 /* libPods-PhoneDictionaryTests.a in Frameworks */ = {isa = PBXBuildFile; fileRef = 4FDBC8BF090969329B98776E /* libPods-PhoneDictionaryTests.a */; };
		9C1BA00E21D01D3F00338926 /* UpdateFriendViewModel.swift in Sources */ = {isa = PBXBuildFile; fileRef = 9C1BA00D21D01D3F00338926 /* UpdateFriendViewModel.swift */; };
		9C1BA01021D031AD00338926 /* ShowAlertHelper.swift in Sources */ = {isa = PBXBuildFile; fileRef = 9C1BA00F21D031AD00338926 /* ShowAlertHelper.swift */; };
		9C242F3D21CFDFD400DEE952 /* AppDelegate.swift in Sources */ = {isa = PBXBuildFile; fileRef = 9C242F3C21CFDFD400DEE952 /* AppDelegate.swift */; };
		9C242F4221CFDFD400DEE952 /* Main.storyboard in Resources */ = {isa = PBXBuildFile; fileRef = 9C242F4021CFDFD400DEE952 /* Main.storyboard */; };
		9C242F4421CFDFD600DEE952 /* Assets.xcassets in Resources */ = {isa = PBXBuildFile; fileRef = 9C242F4321CFDFD600DEE952 /* Assets.xcassets */; };
		9C242F4721CFDFD600DEE952 /* LaunchScreen.storyboard in Resources */ = {isa = PBXBuildFile; fileRef = 9C242F4521CFDFD600DEE952 /* LaunchScreen.storyboard */; };
		9C242F5021CFE0B200DEE952 /* ContactsTableViewController.swift in Sources */ = {isa = PBXBuildFile; fileRef = 9C242F4F21CFE0B200DEE952 /* ContactsTableViewController.swift */; };
		9C242F5221CFE46B00DEE952 /* AddContactViewController.swift in Sources */ = {isa = PBXBuildFile; fileRef = 9C242F5121CFE46B00DEE952 /* AddContactViewController.swift */; };
		9C242F5821CFEB3700DEE952 /* Contact.swift in Sources */ = {isa = PBXBuildFile; fileRef = 9C242F5721CFEB3700DEE952 /* Contact.swift */; };
		9C242F5A21CFEB9800DEE952 /* ServerManager.swift in Sources */ = {isa = PBXBuildFile; fileRef = 9C242F5921CFEB9800DEE952 /* ServerManager.swift */; };
		9C242F5C21CFF94500DEE952 /* ContactCellViewModel.swift in Sources */ = {isa = PBXBuildFile; fileRef = 9C242F5B21CFF94500DEE952 /* ContactCellViewModel.swift */; };
		9C242F5E21CFF96D00DEE952 /* ContactsTableViewModel.swift in Sources */ = {isa = PBXBuildFile; fileRef = 9C242F5D21CFF96D00DEE952 /* ContactsTableViewModel.swift */; };
		9C242F6021D000FD00DEE952 /* ContactTableViewCell.swift in Sources */ = {isa = PBXBuildFile; fileRef = 9C242F5F21D000FD00DEE952 /* ContactTableViewCell.swift */; };
		9C8CECC621D04CC500B2A567 /* PhoneDictionaryTests.swift in Sources */ = {isa = PBXBuildFile; fileRef = 9C8CECC521D04CC500B2A567 /* PhoneDictionaryTests.swift */; };
		9C8CECCF21D04CFC00B2A567 /* ContactsTableViewModelTests.swift in Sources */ = {isa = PBXBuildFile; fileRef = 9C8CECCE21D04CFC00B2A567 /* ContactsTableViewModelTests.swift */; };
		9C8CECD121D0537400B2A567 /* MockServerManager.swift in Sources */ = {isa = PBXBuildFile; fileRef = 9C8CECD021D0537400B2A567 /* MockServerManager.swift */; };
		9C8CECD221D053A900B2A567 /* ContactsTableViewModel.swift in Sources */ = {isa = PBXBuildFile; fileRef = 9C242F5D21CFF96D00DEE952 /* ContactsTableViewModel.swift */; };
		9C8CECD321D053AD00B2A567 /* UpdateFriendViewModel.swift in Sources */ = {isa = PBXBuildFile; fileRef = 9C1BA00D21D01D3F00338926 /* UpdateFriendViewModel.swift */; };
		9C8CECD421D053C800B2A567 /* Contact.swift in Sources */ = {isa = PBXBuildFile; fileRef = 9C242F5721CFEB3700DEE952 /* Contact.swift */; };
		9C8CECD521D054F700B2A567 /* ServerManager.swift in Sources */ = {isa = PBXBuildFile; fileRef = 9C242F5921CFEB9800DEE952 /* ServerManager.swift */; };
		A82CDF04726616B37014A57D /* Pods_PhoneDictionary.framework in Frameworks */ = {isa = PBXBuildFile; fileRef = A97CE808ECC29B46986ACACD /* Pods_PhoneDictionary.framework */; };
/* End PBXBuildFile section */

/* Begin PBXContainerItemProxy section */
		9C8CECC821D04CC500B2A567 /* PBXContainerItemProxy */ = {
			isa = PBXContainerItemProxy;
			containerPortal = 9C242F3121CFDFD400DEE952 /* Project object */;
			proxyType = 1;
			remoteGlobalIDString = 9C242F3821CFDFD400DEE952;
			remoteInfo = PhoneDictionary;
		};
/* End PBXContainerItemProxy section */

/* Begin PBXFileReference section */
		2B1A49151D7C79703FF91971 /* Pods-PhoneDictionary.release.xcconfig */ = {isa = PBXFileReference; includeInIndex = 1; lastKnownFileType = text.xcconfig; name = "Pods-PhoneDictionary.release.xcconfig"; path = "Pods/Target Support Files/Pods-PhoneDictionary/Pods-PhoneDictionary.release.xcconfig"; sourceTree = "<group>"; };
		4FDBC8BF090969329B98776E /* libPods-PhoneDictionaryTests.a */ = {isa = PBXFileReference; explicitFileType = archive.ar; includeInIndex = 0; path = "libPods-PhoneDictionaryTests.a"; sourceTree = BUILT_PRODUCTS_DIR; };
		71C7716918C70361E20BE380 /* Pods-PhoneDictionaryTests.release.xcconfig */ = {isa = PBXFileReference; includeInIndex = 1; lastKnownFileType = text.xcconfig; name = "Pods-PhoneDictionaryTests.release.xcconfig"; path = "Pods/Target Support Files/Pods-PhoneDictionaryTests/Pods-PhoneDictionaryTests.release.xcconfig"; sourceTree = "<group>"; };
		9C1BA00D21D01D3F00338926 /* UpdateFriendViewModel.swift */ = {isa = PBXFileReference; lastKnownFileType = sourcecode.swift; path = UpdateFriendViewModel.swift; sourceTree = "<group>"; };
		9C1BA00F21D031AD00338926 /* ShowAlertHelper.swift */ = {isa = PBXFileReference; lastKnownFileType = sourcecode.swift; path = ShowAlertHelper.swift; sourceTree = "<group>"; };
		9C242F3921CFDFD400DEE952 /* PhoneDictionary.app */ = {isa = PBXFileReference; explicitFileType = wrapper.application; includeInIndex = 0; path = PhoneDictionary.app; sourceTree = BUILT_PRODUCTS_DIR; };
		9C242F3C21CFDFD400DEE952 /* AppDelegate.swift */ = {isa = PBXFileReference; lastKnownFileType = sourcecode.swift; path = AppDelegate.swift; sourceTree = "<group>"; };
		9C242F4121CFDFD400DEE952 /* Base */ = {isa = PBXFileReference; lastKnownFileType = file.storyboard; name = Base; path = Base.lproj/Main.storyboard; sourceTree = "<group>"; };
		9C242F4321CFDFD600DEE952 /* Assets.xcassets */ = {isa = PBXFileReference; lastKnownFileType = folder.assetcatalog; path = Assets.xcassets; sourceTree = "<group>"; };
		9C242F4621CFDFD600DEE952 /* Base */ = {isa = PBXFileReference; lastKnownFileType = file.storyboard; name = Base; path = Base.lproj/LaunchScreen.storyboard; sourceTree = "<group>"; };
		9C242F4821CFDFD600DEE952 /* Info.plist */ = {isa = PBXFileReference; lastKnownFileType = text.plist.xml; path = Info.plist; sourceTree = "<group>"; };
		9C242F4F21CFE0B200DEE952 /* ContactsTableViewController.swift */ = {isa = PBXFileReference; lastKnownFileType = sourcecode.swift; path = ContactsTableViewController.swift; sourceTree = "<group>"; };
		9C242F5121CFE46B00DEE952 /* AddContactViewController.swift */ = {isa = PBXFileReference; lastKnownFileType = sourcecode.swift; path = AddContactViewController.swift; sourceTree = "<group>"; };
		9C242F5721CFEB3700DEE952 /* Contact.swift */ = {isa = PBXFileReference; lastKnownFileType = sourcecode.swift; path = Contact.swift; sourceTree = "<group>"; };
		9C242F5921CFEB9800DEE952 /* ServerManager.swift */ = {isa = PBXFileReference; lastKnownFileType = sourcecode.swift; path = ServerManager.swift; sourceTree = "<group>"; };
		9C242F5B21CFF94500DEE952 /* ContactCellViewModel.swift */ = {isa = PBXFileReference; lastKnownFileType = sourcecode.swift; path = ContactCellViewModel.swift; sourceTree = "<group>"; };
		9C242F5D21CFF96D00DEE952 /* ContactsTableViewModel.swift */ = {isa = PBXFileReference; lastKnownFileType = sourcecode.swift; path = ContactsTableViewModel.swift; sourceTree = "<group>"; };
		9C242F5F21D000FD00DEE952 /* ContactTableViewCell.swift */ = {isa = PBXFileReference; lastKnownFileType = sourcecode.swift; path = ContactTableViewCell.swift; sourceTree = "<group>"; };
		9C8CECC321D04CC500B2A567 /* PhoneDictionaryTests.xctest */ = {isa = PBXFileReference; explicitFileType = wrapper.cfbundle; includeInIndex = 0; path = PhoneDictionaryTests.xctest; sourceTree = BUILT_PRODUCTS_DIR; };
		9C8CECC521D04CC500B2A567 /* PhoneDictionaryTests.swift */ = {isa = PBXFileReference; lastKnownFileType = sourcecode.swift; path = PhoneDictionaryTests.swift; sourceTree = "<group>"; };
		9C8CECC721D04CC500B2A567 /* Info.plist */ = {isa = PBXFileReference; lastKnownFileType = text.plist.xml; path = Info.plist; sourceTree = "<group>"; };
		9C8CECCE21D04CFC00B2A567 /* ContactsTableViewModelTests.swift */ = {isa = PBXFileReference; lastKnownFileType = sourcecode.swift; path = ContactsTableViewModelTests.swift; sourceTree = "<group>"; };
		9C8CECD021D0537400B2A567 /* MockServerManager.swift */ = {isa = PBXFileReference; lastKnownFileType = sourcecode.swift; path = MockServerManager.swift; sourceTree = "<group>"; };
		A97CE808ECC29B46986ACACD /* Pods_PhoneDictionary.framework */ = {isa = PBXFileReference; explicitFileType = wrapper.framework; includeInIndex = 0; path = Pods_PhoneDictionary.framework; sourceTree = BUILT_PRODUCTS_DIR; };
		B5320E58E20BBFCEE7759C20 /* Pods-PhoneDictionary.debug.xcconfig */ = {isa = PBXFileReference; includeInIndex = 1; lastKnownFileType = text.xcconfig; name = "Pods-PhoneDictionary.debug.xcconfig"; path = "Pods/Target Support Files/Pods-PhoneDictionary/Pods-PhoneDictionary.debug.xcconfig"; sourceTree = "<group>"; };
		F89B3C3F58945491C3D40740 /* Pods-PhoneDictionaryTests.debug.xcconfig */ = {isa = PBXFileReference; includeInIndex = 1; lastKnownFileType = text.xcconfig; name = "Pods-PhoneDictionaryTests.debug.xcconfig"; path = "Pods/Target Support Files/Pods-PhoneDictionaryTests/Pods-PhoneDictionaryTests.debug.xcconfig"; sourceTree = "<group>"; };
/* End PBXFileReference section */

/* Begin PBXFrameworksBuildPhase section */
		9C242F3621CFDFD400DEE952 /* Frameworks */ = {
			isa = PBXFrameworksBuildPhase;
			buildActionMask = 2147483647;
			files = (
				A82CDF04726616B37014A57D /* Pods_PhoneDictionary.framework in Frameworks */,
			);
			runOnlyForDeploymentPostprocessing = 0;
		};
		9C8CECC021D04CC500B2A567 /* Frameworks */ = {
			isa = PBXFrameworksBuildPhase;
			buildActionMask = 2147483647;
			files = (
				8293B4FE893BE251F86724E9 /* libPods-PhoneDictionaryTests.a in Frameworks */,
			);
			runOnlyForDeploymentPostprocessing = 0;
		};
/* End PBXFrameworksBuildPhase section */

/* Begin PBXGroup section */
		9C242F3021CFDFD400DEE952 = {
			isa = PBXGroup;
			children = (
				9C242F3B21CFDFD400DEE952 /* PhoneDictionary */,
				9C8CECC421D04CC500B2A567 /* PhoneDictionaryTests */,
				9C242F3A21CFDFD400DEE952 /* Products */,
				A0663B9BCA116CA1D7913F85 /* Pods */,
				E9E6E1C8700EE4ED59081584 /* Frameworks */,
			);
			sourceTree = "<group>";
		};
		9C242F3A21CFDFD400DEE952 /* Products */ = {
			isa = PBXGroup;
			children = (
				9C242F3921CFDFD400DEE952 /* PhoneDictionary.app */,
				9C8CECC321D04CC500B2A567 /* PhoneDictionaryTests.xctest */,
			);
			name = Products;
			sourceTree = "<group>";
		};
		9C242F3B21CFDFD400DEE952 /* PhoneDictionary */ = {
			isa = PBXGroup;
			children = (
				9C242F4E21CFE09700DEE952 /* Controllers */,
				9C242F5421CFE4FA00DEE952 /* Model */,
				9C242F5521CFE50300DEE952 /* NetworkLayer */,
				9C242F5321CFE4EC00DEE952 /* ViewModels */,
				9C242F5621CFE51E00DEE952 /* Helper */,
				9C242F3C21CFDFD400DEE952 /* AppDelegate.swift */,
				9C242F4021CFDFD400DEE952 /* Main.storyboard */,
				9C242F4321CFDFD600DEE952 /* Assets.xcassets */,
				9C242F4521CFDFD600DEE952 /* LaunchScreen.storyboard */,
				9C242F4821CFDFD600DEE952 /* Info.plist */,
			);
			path = PhoneDictionary;
			sourceTree = "<group>";
		};
		9C242F4E21CFE09700DEE952 /* Controllers */ = {
			isa = PBXGroup;
			children = (
				9C242F4F21CFE0B200DEE952 /* ContactsTableViewController.swift */,
				9C242F5121CFE46B00DEE952 /* AddContactViewController.swift */,
				9C242F5F21D000FD00DEE952 /* ContactTableViewCell.swift */,
			);
			path = Controllers;
			sourceTree = "<group>";
		};
		9C242F5321CFE4EC00DEE952 /* ViewModels */ = {
			isa = PBXGroup;
			children = (
				9C242F5B21CFF94500DEE952 /* ContactCellViewModel.swift */,
				9C242F5D21CFF96D00DEE952 /* ContactsTableViewModel.swift */,
				9C1BA00D21D01D3F00338926 /* UpdateFriendViewModel.swift */,
			);
			path = ViewModels;
			sourceTree = "<group>";
		};
		9C242F5421CFE4FA00DEE952 /* Model */ = {
			isa = PBXGroup;
			children = (
				9C242F5721CFEB3700DEE952 /* Contact.swift */,
			);
			path = Model;
			sourceTree = "<group>";
		};
		9C242F5521CFE50300DEE952 /* NetworkLayer */ = {
			isa = PBXGroup;
			children = (
				9C242F5921CFEB9800DEE952 /* ServerManager.swift */,
			);
			path = NetworkLayer;
			sourceTree = "<group>";
		};
		9C242F5621CFE51E00DEE952 /* Helper */ = {
			isa = PBXGroup;
			children = (
				9C1BA00F21D031AD00338926 /* ShowAlertHelper.swift */,
			);
			path = Helper;
			sourceTree = "<group>";
		};
		9C8CECC421D04CC500B2A567 /* PhoneDictionaryTests */ = {
			isa = PBXGroup;
			children = (
				9C8CECCD21D04CD700B2A567 /* ViewModelTests */,
				9C8CECC521D04CC500B2A567 /* PhoneDictionaryTests.swift */,
				9C8CECC721D04CC500B2A567 /* Info.plist */,
				9C8CECD021D0537400B2A567 /* MockServerManager.swift */,
			);
			path = PhoneDictionaryTests;
			sourceTree = "<group>";
		};
		9C8CECCD21D04CD700B2A567 /* ViewModelTests */ = {
			isa = PBXGroup;
			children = (
				9C8CECCE21D04CFC00B2A567 /* ContactsTableViewModelTests.swift */,
			);
			path = ViewModelTests;
			sourceTree = "<group>";
		};
		A0663B9BCA116CA1D7913F85 /* Pods */ = {
			isa = PBXGroup;
			children = (
				B5320E58E20BBFCEE7759C20 /* Pods-PhoneDictionary.debug.xcconfig */,
				2B1A49151D7C79703FF91971 /* Pods-PhoneDictionary.release.xcconfig */,
				F89B3C3F58945491C3D40740 /* Pods-PhoneDictionaryTests.debug.xcconfig */,
				71C7716918C70361E20BE380 /* Pods-PhoneDictionaryTests.release.xcconfig */,
			);
			name = Pods;
			sourceTree = "<group>";
		};
		E9E6E1C8700EE4ED59081584 /* Frameworks */ = {
			isa = PBXGroup;
			children = (
				A97CE808ECC29B46986ACACD /* Pods_PhoneDictionary.framework */,
				4FDBC8BF090969329B98776E /* libPods-PhoneDictionaryTests.a */,
			);
			name = Frameworks;
			sourceTree = "<group>";
		};
/* End PBXGroup section */

/* Begin PBXNativeTarget section */
		9C242F3821CFDFD400DEE952 /* PhoneDictionary */ = {
			isa = PBXNativeTarget;
			buildConfigurationList = 9C242F4B21CFDFD600DEE952 /* Build configuration list for PBXNativeTarget "PhoneDictionary" */;
			buildPhases = (
				EBD7ED4494B5D055B19743F6 /* [CP] Check Pods Manifest.lock */,
				9C242F3521CFDFD400DEE952 /* Sources */,
				9C242F3621CFDFD400DEE952 /* Frameworks */,
				9C242F3721CFDFD400DEE952 /* Resources */,
				C3021861B489DABDD999C234 /* [CP] Embed Pods Frameworks */,
			);
			buildRules = (
			);
			dependencies = (
			);
			name = PhoneDictionary;
			productName = PhoneDictionary;
			productReference = 9C242F3921CFDFD400DEE952 /* PhoneDictionary.app */;
			productType = "com.apple.product-type.application";
		};
		9C8CECC221D04CC500B2A567 /* PhoneDictionaryTests */ = {
			isa = PBXNativeTarget;
			buildConfigurationList = 9C8CECCC21D04CC500B2A567 /* Build configuration list for PBXNativeTarget "PhoneDictionaryTests" */;
			buildPhases = (
				99FB05749437FAD6295004DE /* [CP] Check Pods Manifest.lock */,
				9C8CECBF21D04CC500B2A567 /* Sources */,
				9C8CECC021D04CC500B2A567 /* Frameworks */,
				9C8CECC121D04CC500B2A567 /* Resources */,
			);
			buildRules = (
			);
			dependencies = (
				9C8CECC921D04CC500B2A567 /* PBXTargetDependency */,
			);
			name = PhoneDictionaryTests;
			productName = PhoneDictionaryTests;
			productReference = 9C8CECC321D04CC500B2A567 /* PhoneDictionaryTests.xctest */;
			productType = "com.apple.product-type.bundle.unit-test";
		};
/* End PBXNativeTarget section */

/* Begin PBXProject section */
		9C242F3121CFDFD400DEE952 /* Project object */ = {
			isa = PBXProject;
			attributes = {
				LastSwiftUpdateCheck = 1010;
				LastUpgradeCheck = 1010;
				ORGANIZATIONNAME = "Pranalee Jadhav";
				TargetAttributes = {
					9C242F3821CFDFD400DEE952 = {
						CreatedOnToolsVersion = 10.1;
					};
					9C8CECC221D04CC500B2A567 = {
						CreatedOnToolsVersion = 10.1;
						TestTargetID = 9C242F3821CFDFD400DEE952;
					};
				};
			};
			buildConfigurationList = 9C242F3421CFDFD400DEE952 /* Build configuration list for PBXProject "PhoneDictionary" */;
			compatibilityVersion = "Xcode 9.3";
			developmentRegion = en;
			hasScannedForEncodings = 0;
			knownRegions = (
				en,
				Base,
			);
			mainGroup = 9C242F3021CFDFD400DEE952;
			productRefGroup = 9C242F3A21CFDFD400DEE952 /* Products */;
			projectDirPath = "";
			projectRoot = "";
			targets = (
				9C242F3821CFDFD400DEE952 /* PhoneDictionary */,
				9C8CECC221D04CC500B2A567 /* PhoneDictionaryTests */,
			);
		};
/* End PBXProject section */

/* Begin PBXResourcesBuildPhase section */
		9C242F3721CFDFD400DEE952 /* Resources */ = {
			isa = PBXResourcesBuildPhase;
			buildActionMask = 2147483647;
			files = (
				9C242F4721CFDFD600DEE952 /* LaunchScreen.storyboard in Resources */,
				9C242F4421CFDFD600DEE952 /* Assets.xcassets in Resources */,
				9C242F4221CFDFD400DEE952 /* Main.storyboard in Resources */,
			);
			runOnlyForDeploymentPostprocessing = 0;
		};
		9C8CECC121D04CC500B2A567 /* Resources */ = {
			isa = PBXResourcesBuildPhase;
			buildActionMask = 2147483647;
			files = (
			);
			runOnlyForDeploymentPostprocessing = 0;
		};
/* End PBXResourcesBuildPhase section */

/* Begin PBXShellScriptBuildPhase section */
		99FB05749437FAD6295004DE /* [CP] Check Pods Manifest.lock */ = {
			isa = PBXShellScriptBuildPhase;
			buildActionMask = 2147483647;
			files = (
			);
			inputPaths = (
				"${PODS_PODFILE_DIR_PATH}/Podfile.lock",
				"${PODS_ROOT}/Manifest.lock",
			);
			name = "[CP] Check Pods Manifest.lock";
			outputPaths = (
				"$(DERIVED_FILE_DIR)/Pods-PhoneDictionaryTests-checkManifestLockResult.txt",
			);
			runOnlyForDeploymentPostprocessing = 0;
			shellPath = /bin/sh;
			shellScript = "diff \"${PODS_PODFILE_DIR_PATH}/Podfile.lock\" \"${PODS_ROOT}/Manifest.lock\" > /dev/null\nif [ $? != 0 ] ; then\n    # print error to STDERR\n    echo \"error: The sandbox is not in sync with the Podfile.lock. Run 'pod install' or update your CocoaPods installation.\" >&2\n    exit 1\nfi\n# This output is used by Xcode 'outputs' to avoid re-running this script phase.\necho \"SUCCESS\" > \"${SCRIPT_OUTPUT_FILE_0}\"\n";
			showEnvVarsInLog = 0;
		};
		C3021861B489DABDD999C234 /* [CP] Embed Pods Frameworks */ = {
			isa = PBXShellScriptBuildPhase;
			buildActionMask = 2147483647;
			files = (
			);
			inputPaths = (
				"${SRCROOT}/Pods/Target Support Files/Pods-PhoneDictionary/Pods-PhoneDictionary-frameworks.sh",
				"${BUILT_PRODUCTS_DIR}/Alamofire/Alamofire.framework",
				"${BUILT_PRODUCTS_DIR}/Differentiator/Differentiator.framework",
				"${BUILT_PRODUCTS_DIR}/RxAtomic-framework/RxAtomic.framework",
				"${BUILT_PRODUCTS_DIR}/RxCocoa-framework/RxCocoa.framework",
				"${BUILT_PRODUCTS_DIR}/RxDataSources/RxDataSources.framework",
				"${BUILT_PRODUCTS_DIR}/RxSwift-framework/RxSwift.framework",
				"${BUILT_PRODUCTS_DIR}/RxSwiftExt-framework/RxSwiftExt.framework",
				"${BUILT_PRODUCTS_DIR}/SVProgressHUD/SVProgressHUD.framework",
			);
			name = "[CP] Embed Pods Frameworks";
			outputPaths = (
				"${TARGET_BUILD_DIR}/${FRAMEWORKS_FOLDER_PATH}/Alamofire.framework",
				"${TARGET_BUILD_DIR}/${FRAMEWORKS_FOLDER_PATH}/Differentiator.framework",
				"${TARGET_BUILD_DIR}/${FRAMEWORKS_FOLDER_PATH}/RxAtomic.framework",
				"${TARGET_BUILD_DIR}/${FRAMEWORKS_FOLDER_PATH}/RxCocoa.framework",
				"${TARGET_BUILD_DIR}/${FRAMEWORKS_FOLDER_PATH}/RxDataSources.framework",
				"${TARGET_BUILD_DIR}/${FRAMEWORKS_FOLDER_PATH}/RxSwift.framework",
				"${TARGET_BUILD_DIR}/${FRAMEWORKS_FOLDER_PATH}/RxSwiftExt.framework",
				"${TARGET_BUILD_DIR}/${FRAMEWORKS_FOLDER_PATH}/SVProgressHUD.framework",
			);
			runOnlyForDeploymentPostprocessing = 0;
			shellPath = /bin/sh;
			shellScript = "\"${SRCROOT}/Pods/Target Support Files/Pods-PhoneDictionary/Pods-PhoneDictionary-frameworks.sh\"\n";
			showEnvVarsInLog = 0;
		};
		EBD7ED4494B5D055B19743F6 /* [CP] Check Pods Manifest.lock */ = {
			isa = PBXShellScriptBuildPhase;
			buildActionMask = 2147483647;
			files = (
			);
			inputPaths = (
				"${PODS_PODFILE_DIR_PATH}/Podfile.lock",
				"${PODS_ROOT}/Manifest.lock",
			);
			name = "[CP] Check Pods Manifest.lock";
			outputPaths = (
				"$(DERIVED_FILE_DIR)/Pods-PhoneDictionary-checkManifestLockResult.txt",
			);
			runOnlyForDeploymentPostprocessing = 0;
			shellPath = /bin/sh;
			shellScript = "diff \"${PODS_PODFILE_DIR_PATH}/Podfile.lock\" \"${PODS_ROOT}/Manifest.lock\" > /dev/null\nif [ $? != 0 ] ; then\n    # print error to STDERR\n    echo \"error: The sandbox is not in sync with the Podfile.lock. Run 'pod install' or update your CocoaPods installation.\" >&2\n    exit 1\nfi\n# This output is used by Xcode 'outputs' to avoid re-running this script phase.\necho \"SUCCESS\" > \"${SCRIPT_OUTPUT_FILE_0}\"\n";
			showEnvVarsInLog = 0;
		};
/* End PBXShellScriptBuildPhase section */

/* Begin PBXSourcesBuildPhase section */
		9C242F3521CFDFD400DEE952 /* Sources */ = {
			isa = PBXSourcesBuildPhase;
			buildActionMask = 2147483647;
			files = (
				9C242F5A21CFEB9800DEE952 /* ServerManager.swift in Sources */,
				9C242F5C21CFF94500DEE952 /* ContactCellViewModel.swift in Sources */,
				9C242F5821CFEB3700DEE952 /* Contact.swift in Sources */,
				9C1BA01021D031AD00338926 /* ShowAlertHelper.swift in Sources */,
				9C242F5221CFE46B00DEE952 /* AddContactViewController.swift in Sources */,
				9C242F6021D000FD00DEE952 /* ContactTableViewCell.swift in Sources */,
				9C242F5021CFE0B200DEE952 /* ContactsTableViewController.swift in Sources */,
				9C242F3D21CFDFD400DEE952 /* AppDelegate.swift in Sources */,
				9C242F5E21CFF96D00DEE952 /* ContactsTableViewModel.swift in Sources */,
				9C1BA00E21D01D3F00338926 /* UpdateFriendViewModel.swift in Sources */,
			);
			runOnlyForDeploymentPostprocessing = 0;
		};
		9C8CECBF21D04CC500B2A567 /* Sources */ = {
			isa = PBXSourcesBuildPhase;
			buildActionMask = 2147483647;
			files = (
				9C8CECD421D053C800B2A567 /* Contact.swift in Sources */,
				9C8CECD321D053AD00B2A567 /* UpdateFriendViewModel.swift in Sources */,
				9C8CECCF21D04CFC00B2A567 /* ContactsTableViewModelTests.swift in Sources */,
				9C8CECC621D04CC500B2A567 /* PhoneDictionaryTests.swift in Sources */,
				9C8CECD521D054F700B2A567 /* ServerManager.swift in Sources */,
				9C8CECD221D053A900B2A567 /* ContactsTableViewModel.swift in Sources */,
				9C8CECD121D0537400B2A567 /* MockServerManager.swift in Sources */,
			);
			runOnlyForDeploymentPostprocessing = 0;
		};
/* End PBXSourcesBuildPhase section */

/* Begin PBXTargetDependency section */
		9C8CECC921D04CC500B2A567 /* PBXTargetDependency */ = {
			isa = PBXTargetDependency;
			target = 9C242F3821CFDFD400DEE952 /* PhoneDictionary */;
			targetProxy = 9C8CECC821D04CC500B2A567 /* PBXContainerItemProxy */;
		};
/* End PBXTargetDependency section */

/* Begin PBXVariantGroup section */
		9C242F4021CFDFD400DEE952 /* Main.storyboard */ = {
			isa = PBXVariantGroup;
			children = (
				9C242F4121CFDFD400DEE952 /* Base */,
			);
			name = Main.storyboard;
			sourceTree = "<group>";
		};
		9C242F4521CFDFD600DEE952 /* LaunchScreen.storyboard */ = {
			isa = PBXVariantGroup;
			children = (
				9C242F4621CFDFD600DEE952 /* Base */,
			);
			name = LaunchScreen.storyboard;
			sourceTree = "<group>";
		};
/* End PBXVariantGroup section */

/* Begin XCBuildConfiguration section */
		9C242F4921CFDFD600DEE952 /* Debug */ = {
			isa = XCBuildConfiguration;
			buildSettings = {
				ALWAYS_SEARCH_USER_PATHS = NO;
				CLANG_ANALYZER_NONNULL = YES;
				CLANG_ANALYZER_NUMBER_OBJECT_CONVERSION = YES_AGGRESSIVE;
				CLANG_CXX_LANGUAGE_STANDARD = "gnu++14";
				CLANG_CXX_LIBRARY = "libc++";
				CLANG_ENABLE_MODULES = YES;
				CLANG_ENABLE_OBJC_ARC = YES;
				CLANG_ENABLE_OBJC_WEAK = YES;
				CLANG_WARN_BLOCK_CAPTURE_AUTORELEASING = YES;
				CLANG_WARN_BOOL_CONVERSION = YES;
				CLANG_WARN_COMMA = YES;
				CLANG_WARN_CONSTANT_CONVERSION = YES;
				CLANG_WARN_DEPRECATED_OBJC_IMPLEMENTATIONS = YES;
				CLANG_WARN_DIRECT_OBJC_ISA_USAGE = YES_ERROR;
				CLANG_WARN_DOCUMENTATION_COMMENTS = YES;
				CLANG_WARN_EMPTY_BODY = YES;
				CLANG_WARN_ENUM_CONVERSION = YES;
				CLANG_WARN_INFINITE_RECURSION = YES;
				CLANG_WARN_INT_CONVERSION = YES;
				CLANG_WARN_NON_LITERAL_NULL_CONVERSION = YES;
				CLANG_WARN_OBJC_IMPLICIT_RETAIN_SELF = YES;
				CLANG_WARN_OBJC_LITERAL_CONVERSION = YES;
				CLANG_WARN_OBJC_ROOT_CLASS = YES_ERROR;
				CLANG_WARN_RANGE_LOOP_ANALYSIS = YES;
				CLANG_WARN_STRICT_PROTOTYPES = YES;
				CLANG_WARN_SUSPICIOUS_MOVE = YES;
				CLANG_WARN_UNGUARDED_AVAILABILITY = YES_AGGRESSIVE;
				CLANG_WARN_UNREACHABLE_CODE = YES;
				CLANG_WARN__DUPLICATE_METHOD_MATCH = YES;
				CODE_SIGN_IDENTITY = "iPhone Developer";
				COPY_PHASE_STRIP = NO;
				DEBUG_INFORMATION_FORMAT = dwarf;
				ENABLE_STRICT_OBJC_MSGSEND = YES;
				ENABLE_TESTABILITY = YES;
				GCC_C_LANGUAGE_STANDARD = gnu11;
				GCC_DYNAMIC_NO_PIC = NO;
				GCC_NO_COMMON_BLOCKS = YES;
				GCC_OPTIMIZATION_LEVEL = 0;
				GCC_PREPROCESSOR_DEFINITIONS = (
					"DEBUG=1",
					"$(inherited)",
				);
				GCC_WARN_64_TO_32_BIT_CONVERSION = YES;
				GCC_WARN_ABOUT_RETURN_TYPE = YES_ERROR;
				GCC_WARN_UNDECLARED_SELECTOR = YES;
				GCC_WARN_UNINITIALIZED_AUTOS = YES_AGGRESSIVE;
				GCC_WARN_UNUSED_FUNCTION = YES;
				GCC_WARN_UNUSED_VARIABLE = YES;
				IPHONEOS_DEPLOYMENT_TARGET = 12.1;
				MTL_ENABLE_DEBUG_INFO = INCLUDE_SOURCE;
				MTL_FAST_MATH = YES;
				ONLY_ACTIVE_ARCH = YES;
				SDKROOT = iphoneos;
				SWIFT_ACTIVE_COMPILATION_CONDITIONS = DEBUG;
				SWIFT_OPTIMIZATION_LEVEL = "-Onone";
			};
			name = Debug;
		};
		9C242F4A21CFDFD600DEE952 /* Release */ = {
			isa = XCBuildConfiguration;
			buildSettings = {
				ALWAYS_SEARCH_USER_PATHS = NO;
				CLANG_ANALYZER_NONNULL = YES;
				CLANG_ANALYZER_NUMBER_OBJECT_CONVERSION = YES_AGGRESSIVE;
				CLANG_CXX_LANGUAGE_STANDARD = "gnu++14";
				CLANG_CXX_LIBRARY = "libc++";
				CLANG_ENABLE_MODULES = YES;
				CLANG_ENABLE_OBJC_ARC = YES;
				CLANG_ENABLE_OBJC_WEAK = YES;
				CLANG_WARN_BLOCK_CAPTURE_AUTORELEASING = YES;
				CLANG_WARN_BOOL_CONVERSION = YES;
				CLANG_WARN_COMMA = YES;
				CLANG_WARN_CONSTANT_CONVERSION = YES;
				CLANG_WARN_DEPRECATED_OBJC_IMPLEMENTATIONS = YES;
				CLANG_WARN_DIRECT_OBJC_ISA_USAGE = YES_ERROR;
				CLANG_WARN_DOCUMENTATION_COMMENTS = YES;
				CLANG_WARN_EMPTY_BODY = YES;
				CLANG_WARN_ENUM_CONVERSION = YES;
				CLANG_WARN_INFINITE_RECURSION = YES;
				CLANG_WARN_INT_CONVERSION = YES;
				CLANG_WARN_NON_LITERAL_NULL_CONVERSION = YES;
				CLANG_WARN_OBJC_IMPLICIT_RETAIN_SELF = YES;
				CLANG_WARN_OBJC_LITERAL_CONVERSION = YES;
				CLANG_WARN_OBJC_ROOT_CLASS = YES_ERROR;
				CLANG_WARN_RANGE_LOOP_ANALYSIS = YES;
				CLANG_WARN_STRICT_PROTOTYPES = YES;
				CLANG_WARN_SUSPICIOUS_MOVE = YES;
				CLANG_WARN_UNGUARDED_AVAILABILITY = YES_AGGRESSIVE;
				CLANG_WARN_UNREACHABLE_CODE = YES;
				CLANG_WARN__DUPLICATE_METHOD_MATCH = YES;
				CODE_SIGN_IDENTITY = "iPhone Developer";
				COPY_PHASE_STRIP = NO;
				DEBUG_INFORMATION_FORMAT = "dwarf-with-dsym";
				ENABLE_NS_ASSERTIONS = NO;
				ENABLE_STRICT_OBJC_MSGSEND = YES;
				GCC_C_LANGUAGE_STANDARD = gnu11;
				GCC_NO_COMMON_BLOCKS = YES;
				GCC_WARN_64_TO_32_BIT_CONVERSION = YES;
				GCC_WARN_ABOUT_RETURN_TYPE = YES_ERROR;
				GCC_WARN_UNDECLARED_SELECTOR = YES;
				GCC_WARN_UNINITIALIZED_AUTOS = YES_AGGRESSIVE;
				GCC_WARN_UNUSED_FUNCTION = YES;
				GCC_WARN_UNUSED_VARIABLE = YES;
				IPHONEOS_DEPLOYMENT_TARGET = 12.1;
				MTL_ENABLE_DEBUG_INFO = NO;
				MTL_FAST_MATH = YES;
				SDKROOT = iphoneos;
				SWIFT_COMPILATION_MODE = wholemodule;
				SWIFT_OPTIMIZATION_LEVEL = "-O";
				VALIDATE_PRODUCT = YES;
			};
			name = Release;
		};
		9C242F4C21CFDFD600DEE952 /* Debug */ = {
			isa = XCBuildConfiguration;
			baseConfigurationReference = B5320E58E20BBFCEE7759C20 /* Pods-PhoneDictionary.debug.xcconfig */;
			buildSettings = {
				ASSETCATALOG_COMPILER_APPICON_NAME = AppIcon;
				CODE_SIGN_STYLE = Automatic;
				INFOPLIST_FILE = PhoneDictionary/Info.plist;
				LD_RUNPATH_SEARCH_PATHS = "$(inherited) @executable_path/Frameworks";
				PRODUCT_BUNDLE_IDENTIFIER = com.pranalee.group4.PhoneDictionary;
				PRODUCT_NAME = "$(TARGET_NAME)";
				SWIFT_VERSION = 4.2;
				TARGETED_DEVICE_FAMILY = "1,2";
			};
			name = Debug;
		};
		9C242F4D21CFDFD600DEE952 /* Release */ = {
			isa = XCBuildConfiguration;
			baseConfigurationReference = 2B1A49151D7C79703FF91971 /* Pods-PhoneDictionary.release.xcconfig */;
			buildSettings = {
				ASSETCATALOG_COMPILER_APPICON_NAME = AppIcon;
				CODE_SIGN_STYLE = Automatic;
				INFOPLIST_FILE = PhoneDictionary/Info.plist;
				LD_RUNPATH_SEARCH_PATHS = "$(inherited) @executable_path/Frameworks";
				PRODUCT_BUNDLE_IDENTIFIER = com.pranalee.group4.PhoneDictionary;
				PRODUCT_NAME = "$(TARGET_NAME)";
				SWIFT_VERSION = 4.2;
				TARGETED_DEVICE_FAMILY = "1,2";
			};
			name = Release;
		};
		9C8CECCA21D04CC500B2A567 /* Debug */ = {
			isa = XCBuildConfiguration;
			baseConfigurationReference = F89B3C3F58945491C3D40740 /* Pods-PhoneDictionaryTests.debug.xcconfig */;
			buildSettings = {
				BUNDLE_LOADER = "$(TEST_HOST)";
				CODE_SIGN_STYLE = Automatic;
				INFOPLIST_FILE = PhoneDictionaryTests/Info.plist;
				LD_RUNPATH_SEARCH_PATHS = "$(inherited) @executable_path/Frameworks @loader_path/Frameworks";
				PRODUCT_BUNDLE_IDENTIFIER = com.pranalee.group4.PhoneDictionaryTests;
				PRODUCT_NAME = "$(TARGET_NAME)";
				SWIFT_VERSION = 4.2;
				TARGETED_DEVICE_FAMILY = "1,2";
				TEST_HOST = "$(BUILT_PRODUCTS_DIR)/PhoneDictionary.app/PhoneDictionary";
			};
			name = Debug;
		};
		9C8CECCB21D04CC500B2A567 /* Release */ = {
			isa = XCBuildConfiguration;
			baseConfigurationReference = 71C7716918C70361E20BE380 /* Pods-PhoneDictionaryTests.release.xcconfig */;
			buildSettings = {
				BUNDLE_LOADER = "$(TEST_HOST)";
				CODE_SIGN_STYLE = Automatic;
				INFOPLIST_FILE = PhoneDictionaryTests/Info.plist;
				LD_RUNPATH_SEARCH_PATHS = "$(inherited) @executable_path/Frameworks @loader_path/Frameworks";
				PRODUCT_BUNDLE_IDENTIFIER = com.pranalee.group4.PhoneDictionaryTests;
				PRODUCT_NAME = "$(TARGET_NAME)";
				SWIFT_VERSION = 4.2;
				TARGETED_DEVICE_FAMILY = "1,2";
				TEST_HOST = "$(BUILT_PRODUCTS_DIR)/PhoneDictionary.app/PhoneDictionary";
			};
			name = Release;
		};
/* End XCBuildConfiguration section */

/* Begin XCConfigurationList section */
		9C242F3421CFDFD400DEE952 /* Build configuration list for PBXProject "PhoneDictionary" */ = {
			isa = XCConfigurationList;
			buildConfigurations = (
				9C242F4921CFDFD600DEE952 /* Debug */,
				9C242F4A21CFDFD600DEE952 /* Release */,
			);
			defaultConfigurationIsVisible = 0;
			defaultConfigurationName = Release;
		};
		9C242F4B21CFDFD600DEE952 /* Build configuration list for PBXNativeTarget "PhoneDictionary" */ = {
			isa = XCConfigurationList;
			buildConfigurations = (
				9C242F4C21CFDFD600DEE952 /* Debug */,
				9C242F4D21CFDFD600DEE952 /* Release */,
			);
			defaultConfigurationIsVisible = 0;
			defaultConfigurationName = Release;
		};
		9C8CECCC21D04CC500B2A567 /* Build configuration list for PBXNativeTarget "PhoneDictionaryTests" */ = {
			isa = XCConfigurationList;
			buildConfigurations = (
				9C8CECCA21D04CC500B2A567 /* Debug */,
				9C8CECCB21D04CC500B2A567 /* Release */,
			);
			defaultConfigurationIsVisible = 0;
			defaultConfigurationName = Release;
		};
/* End XCConfigurationList section */
	};
	rootObject = 9C242F3121CFDFD400DEE952 /* Project object */;
}
